version = 1
revision = 3
requires-python = ">=3.11"

[[package]]
name = "colorama"
version = "0.4.6"
source = { registry = "https://pypi.org/simple" }
sdist = { url = "https://files.pythonhosted.org/packages/d8/53/6f443c9a4a8358a93a6792e2acffb9d9d5cb0a5cfd8802644b7b1c9a02e4/colorama-0.4.6.tar.gz", hash = "sha256:08695f5cb7ed6e0531a20572697297273c47b8cae5a63ffc6d6ed5c201be6e44", size = 27697, upload-time = "2022-10-25T02:36:22.414Z" }
wheels = [
    { url = "https://files.pythonhosted.org/packages/d1/d6/3965ed04c63042e047cb6a3e6ed1a63a35087b6a609aa3a15ed8ac56c221/colorama-0.4.6-py2.py3-none-any.whl", hash = "sha256:4f1d9991f5acc0ca119f9d443620b77f9d6b33703e51011c16baf57afb285fc6", size = 25335, upload-time = "2022-10-25T02:36:20.889Z" },
]

[[package]]
name = "iniconfig"
version = "2.3.0"
source = { registry = "https://pypi.org/simple" }
sdist = { url = "https://files.pythonhosted.org/packages/72/34/14ca021ce8e5dfedc35312d08ba8bf51fdd999c576889fc2c24cb97f4f10/iniconfig-2.3.0.tar.gz", hash = "sha256:c76315c77db068650d49c5b56314774a7804df16fee4402c1f19d6d15d8c4730", size = 20503, upload-time = "2025-10-18T21:55:43.219Z" }
wheels = [
    { url = "https://files.pythonhosted.org/packages/cb/b1/3846dd7f199d53cb17f49cba7e651e9ce294d8497c8c150530ed11865bb8/iniconfig-2.3.0-py3-none-any.whl", hash = "sha256:f631c04d2c48c52b84d0d0549c99ff3859c98df65b3101406327ecc7d53fbf12", size = 7484, upload-time = "2025-10-18T21:55:41.639Z" },
]

[[package]]
name = "lief"
version = "0.17.6"
source = { registry = "https://pypi.org/simple" }
sdist = { url = "https://files.pythonhosted.org/packages/d9/b9/6b27bff4676de0db4231ca585ed35bc6e13f5430c1bbf0ad0e9d2e9f552f/lief-0.17.6.tar.gz", hash = "sha256:c2164243f152e82c49b0ccd606155b758644f4b1ee221f0dbd4da055469a922f", size = 7171, upload-time = "2026-03-18T06:59:43.351Z" }
wheels = [
    { url = "https://files.pythonhosted.org/packages/08/b9/ac73db72900eb87e9bd4f2b3b741a9af74bf632eb1b2823d72f922a76ee8/lief-0.17.6-cp311-cp311-macosx_11_0_arm64.whl", hash = "sha256:68cc28da07bd50a530590a56142c809a68035f29ace0b107046b0e0784650f50", size = 2989752, upload-time = "2026-03-18T06:57:33.557Z" },
    { url = "https://files.pythonhosted.org/packages/f5/78/fcc1fa1b79610a54c71e4acd4347948f30f07519ba598ce8e8b55a680478/lief-0.17.6-cp311-cp311-macosx_11_0_x86_64.whl", hash = "sha256:ba6fb4f5926f3631e0de13218bedce0cc6b229c7eb84fae095f0985385c8beb1", size = 3095326, upload-time = "2026-03-18T06:57:35.147Z" },
    { url = "https://files.pythonhosted.org/packages/cb/87/c27d7411c920497429da9364d0a02f34ef5605143f4531e0a3175966b59a/lief-0.17.6-cp311-cp311-manylinux2014_aarch64.whl", hash = "sha256:6dce8652883b5b7fe06b5416807a8bc3cc4c1ab3e498512d242c38925e8a7d77", size = 3665830, upload-time = "2026-03-18T06:57:37.115Z" },
    { url = "https://files.pythonhosted.org/packages/c7/c8/9fc1cbe95ec6b5c963152c2136ab59cc9baf30b54402a8dda5c8e53a8f34/lief-0.17.6-cp311-cp311-manylinux_2_28_i686.whl", hash = "sha256:3ae021be2d65ea6f522884356c152ddf25d16674bab00240b04abe83c1cd5cb8", size = 3468663, upload-time = "2026-03-18T06:57:39.048Z" },
    { url = "https://files.pythonhosted.org/packages/96/1b/16128615044653349ec6322a5303f50fa2036b8c7fe4c6532191f6cb21c2/lief-0.17.6-cp311-cp311-manylinux_2_28_x86_64.whl", hash = "sha256:94463d54bc5ecce9e3ae3855a084bacd5b473a23c1a080746bf54a0ed0339255", size = 3392279, upload-time = "2026-03-18T06:57:41.849Z" },
    { url = "https://files.pythonhosted.org/packages/fe/57/e6a834f792399a958bab70273899511ce3866b340b96950b948234f5e1e5/lief-0.17.6-cp311-cp311-musllinux_1_2_aarch64.whl", hash = "sha256:f471fa92430de76b84aa9d036d7fa7cd14256a81814fd3a055d156462fb5bb56", size = 3587501, upload-time = "2026-03-18T06:57:43.439Z" },
    { url = "https://files.pythonhosted.org/packages/34/cc/67804187ccc810b5d0f0da9e96f8f6dc08f42c966d5f4ebd6646c236d2d8/lief-0.17.6-cp311-cp311-musllinux_1_2_i686.whl", hash = "sha256:4e03969294b3be2728162fd3ce15f9f6d1571ba05f62abbb6aa9512c656e22c3", size = 3925847, upload-time = "2026-03-18T06:57:45.152Z" },
    { url = "https://files.pythonhosted.org/packages/b9/66/51af5df317631dc9fb974c3fe9061148519b8af492c2bfc6d60ffc6eff83/lief-0.17.6-cp311-cp311-musllinux_1_2_x86_64.whl", hash = "sha256:7b690c719abf67632701ff69e14a22610eef79100b51abc5e7fbdc70a3d19504", size = 3695570, upload-time = "2026-03-18T06:57:47.075Z" },
    { url = "https://files.pythonhosted.org/packages/7f/4a/0a65be6faf0a4426e3cf71ce49565da0c12a745d4bcb623309467803a26d/lief-0.17.6-cp311-cp311-win32.whl", hash = "sha256:fb8ea20af86b25b852d7fa4ba96cdaab2184b1a1529469786b2474dc2e1be446", size = 3439338, upload-time = "2026-03-18T06:57:48.664Z" },
    { url = "https://files.pythonhosted.org/packages/27/6a/5c79df6a36e249332a661dfb6d0a892af657d561d03f4838d491f3922875/lief-0.17.6-cp311-cp311-win_amd64.whl", hash = "sha256:347495918478606fc47d90a503791c308812f0a3ef5200b2c1e577e0bebd7c7e", size = 3627765, upload-time = "2026-03-18T06:57:50.665Z" },
    { url = "https://files.pythonhosted.org/packages/7a/31/a1ba3dc448cd560622dee015fdfd76c689eb150e9d60b59ebdf1908d074a/lief-0.17.6-cp311-cp311-win_arm64.whl", hash = "sha256:1b8339f385b64bf9da42ac8f5d5fc4c9f4235c4d9d804e472ffe8f1fddc830cb", size = 3458551, upload-time = "2026-03-18T06:57:52.178Z" },
    { url = "https://files.pythonhosted.org/packages/1f/29/e7a0dabcb853867da70fda2b397012dd3d9ef4994ab7e8bd21f248bea64b/lief-0.17.6-cp312-cp312-macosx_11_0_arm64.whl", hash = "sha256:c5a19642e42578fe0b701bd86b10dd7e86d69c35c67d25ac1433f72410a7c2bb", size = 2997018, upload-time = "2026-03-18T06:57:53.686Z" },
    { url = "https://files.pythonhosted.org/packages/97/1b/ad22e3e18b462ad3e3737cd07f01b88fbaf59c84cec66c665832a48441e2/lief-0.17.6-cp312-cp312-macosx_11_0_x86_64.whl", hash = "sha256:e1ded9ee9b5184b5753e4823343e3550a623d34f5407cb2f8d7918e17856d860", size = 3106901, upload-time = "2026-03-18T06:57:55.293Z" },
    { url = "https://files.pythonhosted.org/packages/d5/22/d80506bad2b23d7010ab7c23e81c6c9b099b2860136fd2ae724a2ab2b820/lief-0.17.6-cp312-cp312-manylinux2014_aarch64.whl", hash = "sha256:e29552f52749249c9b05041d96d9156de20207d745916d599b4eb49ee7a8e1bf", size = 3666809, upload-time = "2026-03-18T06:57:57.105Z" },
    { url = "https://files.pythonhosted.org/packages/f4/99/db752fef6c3455c7612a46a834f37a955e329af60546f0e82510653144cd/lief-0.17.6-cp312-cp312-manylinux_2_28_i686.whl", hash = "sha256:e186ac1ea8a5f4729c4b8d2b7f2fe6c55dbf1eddd8bc15fa4d19ed08dfa6cc54", size = 3473955, upload-time = "2026-03-18T06:57:59.043Z" },
    { url = "https://files.pythonhosted.org/packages/6b/9f/77ca67789fda7fee355c8b4e6c58c0717fa4c5c3c5a4272777eb993df172/lief-0.17.6-cp312-cp312-manylinux_2_28_x86_64.whl", hash = "sha256:1df9b22f3851de7d0e86a8731ad07e47ca562ebe430605d90aecfcd6d20125d0", size = 3402099, upload-time = "2026-03-18T06:58:00.999Z" },
    { url = "https://files.pythonhosted.org/packages/82/43/859b6fbd1914d71e20047308719765956856a6f1f19bbbdac44311cd9eda/lief-0.17.6-cp312-cp312-musllinux_1_2_aarch64.whl", hash = "sha256:6484de5a7053c1b7022cb93f41450532f93daaf6b5ce6421c682b87fd2cd2122", size = 3589071, upload-time = "2026-03-18T06:58:02.685Z" },
    { url = "https://files.pythonhosted.org/packages/74/d5/7a042746ca0ac66f17b5dfe9ec3258cdf6bf84d0ba13a23315605038d52e/lief-0.17.6-cp312-cp312-musllinux_1_2_i686.whl", hash = "sha256:04b07e91213ce345febb4698efd310c6745f48190a1d7ce5dd0e7b306839362d", size = 3931684, upload-time = "2026-03-18T06:58:05.038Z" },
    { url = "https://files.pythonhosted.org/packages/21/18/dbe8944ce3a809885ff87afe474c1be3081f1deb264e84a79c5c05b4a6e3/lief-0.17.6-cp312-cp312-musllinux_1_2_x86_64.whl", hash = "sha256:5df55be6cd29c654b8a205846d67637955063ad0cfd83875451f339cf623b101", size = 3703617, upload-time = "2026-03-18T06:58:06.814Z" },
    { url = "https://files.pythonhosted.org/packages/a0/16/c83222badede13959735f3b253fb52d231327b5386d6fd2cf9e3d4b83933/lief-0.17.6-cp312-cp312-win32.whl", hash = "sha256:0aca84f35ec67854ffdb38a23b1848cb214df3e3f95eb7579bac3107e9f68cc8", size = 3446288, upload-time = "2026-03-18T06:58:08.987Z" },
    { url = "https://files.pythonhosted.org/packages/17/d7/cd49540bb32fde031e612044d1345c381e79e5b0729b47ca6b9694a47071/lief-0.17.6-cp312-cp312-win_amd64.whl", hash = "sha256:5a34d651eb82e24a113f837b1a961d23e155be41d72bf39a37407854c6597a8b", size = 3639449, upload-time = "2026-03-18T06:58:10.821Z" },
    { url = "https://files.pythonhosted.org/packages/2e/96/c557b6757b72cfaea89a432e9d0a5ea669970ef9ae8086a17d1f73274156/lief-0.17.6-cp312-cp312-win_arm64.whl", hash = "sha256:234a422fe7158e755ac0acdd0bfdfd41f75392dad9dac147dd3b9c7a9f1a6811", size = 3461129, upload-time = "2026-03-18T06:58:12.651Z" },
    { url = "https://files.pythonhosted.org/packages/9a/40/285c39e29bf7ecf5045f5aef1344419d23ae4c729671157406988570ce02/lief-0.17.6-cp313-cp313-macosx_11_0_arm64.whl", hash = "sha256:7384abed26200f8c6cb50ca9cedac70e7452e85fe72e82d4c5e9050c78eff0ae", size = 2990524, upload-time = "2026-03-18T06:58:14.172Z" },
    { url = "https://files.pythonhosted.org/packages/ac/82/afc7124787b4ae13d84135341d4721da9ed8f699a940bc7e2851e6d25c62/lief-0.17.6-cp313-cp313-macosx_11_0_x86_64.whl", hash = "sha256:7b7759b443745d0e5211d87723c0a84c4a74364ef6194cc8f8d315d98d117648", size = 3106720, upload-time = "2026-03-18T06:58:16.04Z" },
    { url = "https://files.pythonhosted.org/packages/50/96/8aca6e7e70d68cdbd6aecf2adbb88bef1194d5657794c522a09cb0ddafd2/lief-0.17.6-cp313-cp313-manylinux2014_aarch64.whl", hash = "sha256:3e59a64012a602772270aa1a930cff9c39cddca42f0ca5d7f1959f4dd951f38e", size = 3666563, upload-time = "2026-03-18T06:58:18.28Z" },
    { url = "https://files.pythonhosted.org/packages/80/c1/5bdfd614a740f4bd22c20abb4c3b352f082fe75980ea73e6d4fccf356f37/lief-0.17.6-cp313-cp313-manylinux_2_28_i686.whl", hash = "sha256:f764c77c848cf7478623e754099f50699d5e23b5bc4a34ce68cd20af7e0b5541", size = 3473626, upload-time = "2026-03-18T06:58:20.048Z" },
    { url = "https://files.pythonhosted.org/packages/7c/f5/bf4be32af7b1892a8a1a2d3edb75a6a418548801548f39f3f879a6d3be73/lief-0.17.6-cp313-cp313-manylinux_2_28_x86_64.whl", hash = "sha256:520e5f8a7b1e2487630e27639751d9fb13c94205fed72d358a87994e44a73815", size = 3402364, upload-time = "2026-03-18T06:58:21.871Z" },
    { url = "https://files.pythonhosted.org/packages/eb/c5/84aa0c62636d0e0e9754cbab77ab9bb21b306e0be707475045b3d4dc5947/lief-0.17.6-cp313-cp313-musllinux_1_2_aarch64.whl", hash = "sha256:dbfe15d3d21d389857dac8cedc04f03f8ef98c5503e5e147a34480ecbf351826", size = 3589949, upload-time = "2026-03-18T06:58:23.634Z" },
    { url = "https://files.pythonhosted.org/packages/e3/69/d5444ef2ec27adb777f4c08248a934dfdc2c65c1e4f66fbe10faf65fa01f/lief-0.17.6-cp313-cp313-musllinux_1_2_i686.whl", hash = "sha256:de5716279c82640359fe59137ec0572a1ed9859051c1d901de593d6e0e99d9c8", size = 3931688, upload-time = "2026-03-18T06:58:25.49Z" },
    { url = "https://files.pythonhosted.org/packages/58/53/2b8083800a6bc9f157a40ed30b53e6ca81147af565de46623891a45336b0/lief-0.17.6-cp313-cp313-musllinux_1_2_x86_64.whl", hash = "sha256:ef618117ec33665697e3d1fe9c15fac8d6c42e2eeaf4aca9c31ea12fdb056c67", size = 3703589, upload-time = "2026-03-18T06:58:27.27Z" },
    { url = "https://files.pythonhosted.org/packages/1a/ea/51e90c58b40bc316307f2081160ab6100b9e7d177fde3225b441085defd2/lief-0.17.6-cp313-cp313-win32.whl", hash = "sha256:2f669d5b4e63c6e66cac48e07d0f23436bf898ec9d0630016d23250e2eb43d28", size = 3446184, upload-time = "2026-03-18T06:58:28.981Z" },
    { url = "https://files.pythonhosted.org/packages/6b/73/8ddc48c492f3295637a6aa13f07c67387d80c815ee779443938689dc59b4/lief-0.17.6-cp313-cp313-win_amd64.whl", hash = "sha256:51b6c5932d4f36d61fb17fe783d9e1bfba33ec1d72b3d07486c96e6f548781ff", size = 3639310, upload-time = "2026-03-18T06:58:31.162Z" },
    { url = "https://files.pythonhosted.org/packages/bf/bf/b7802b6578ca3a6506aaac6696ac1e8de500419fee3cd288184e82a8c2aa/lief-0.17.6-cp313-cp313-win_arm64.whl", hash = "sha256:6d4eb8adce400af52cc174ac5cbe40ab10b9df5824193975d12e2d4f85b298a3", size = 3461166, upload-time = "2026-03-18T06:58:32.975Z" },
    { url = "https://files.pythonhosted.org/packages/6b/2f/1a0a116cdf4f0e9f1846e34676deed3b1275c432cde8b3aafd4ff9a77175/lief-0.17.6-cp314-cp314-macosx_11_0_arm64.whl", hash = "sha256:af39643ab79ae644d2063a2ef93de908e61a8f40e37b155683c477c1928e6c64", size = 2990571, upload-time = "2026-03-18T06:58:35.046Z" },
    { url = "https://files.pythonhosted.org/packages/76/bd/1bc1c1e364c06b74b9f16089f05622a29ed995fa8b5aba86e0a9fe5500a0/lief-0.17.6-cp314-cp314-macosx_11_0_x86_64.whl", hash = "sha256:c8129a70bc73e04fd9db4f49f386d4336a3a78ceef07c83ca74f9cf464c03c22", size = 3108044, upload-time = "2026-03-18T06:58:36.871Z" },
    { url = "https://files.pythonhosted.org/packages/80/bd/9fab6a9388fec0eec6fc975a1f49e2ff12dd4d75bfebc05d824a612c732c/lief-0.17.6-cp314-cp314-manylinux2014_aarch64.whl", hash = "sha256:b5885e8a422066f3691b9707045b85d9728eaba621991def0b4e0044b0b0b063", size = 3671717, upload-time = "2026-03-18T06:58:39.111Z" },
    { url = "https://files.pythonhosted.org/packages/86/fe/470e32a95d0d95dccee560405cc217b9a739fa96a9536e08515ca3a8df44/lief-0.17.6-cp314-cp314-manylinux_2_28_i686.whl", hash = "sha256:6324add89c366607a6d652553e4cac6309e952ca638c24f38a8b00331f064a50", size = 3473999, upload-time = "2026-03-18T06:58:40.84Z" },
    { url = "https://files.pythonhosted.org/packages/7e/0f/1dcc499697f747a9b8f5274659774a1e6529aa180d59a297619842bf458f/lief-0.17.6-cp314-cp314-manylinux_2_28_x86_64.whl", hash = "sha256:365bf48528339a0d9a5c993b0a54f5c3bb8fcd11ca85797c79f9ae6179777492", size = 3403400, upload-time = "2026-03-18T06:58:42.647Z" },
    { url = "https://files.pythonhosted.org/packages/fb/3a/7e39b5dc0c393142a72e4272c6c812d01eb9e45411f3a9afb88157389aa4/lief-0.17.6-cp314-cp314-musllinux_1_2_aarch64.whl", hash = "sha256:3bd852c4d934d9c8357d6b9491db85e6722bc0076249f8b23a205a8912a85ed5", size = 3589670, upload-time = "2026-03-18T06:58:44.707Z" },
    { url = "https://files.pythonhosted.org/packages/de/7b/b0ffc4a08860f3499d915c4efab20f5abde6722d659c5391332d06957679/lief-0.17.6-cp314-cp314-musllinux_1_2_i686.whl", hash = "sha256:8561a156ccea562e200e5bde0db8070785e3194fcd0ddf9109c8470970978076", size = 3931468, upload-time = "2026-03-18T06:58:46.894Z" },
    { url = "https://files.pythonhosted.org/packages/33/25/0992398b5ce911e29bf7d6a3e1724259358aebe5da543044d3b9ad9b4ffa/lief-0.17.6-cp314-cp314-musllinux_1_2_x86_64.whl", hash = "sha256:a74f792564a5e69915d08530618d79aa1fd8b5e7b72513fac765e1106c63f57a", size = 3705396, upload-time = "2026-03-18T06:58:48.665Z" },
    { url = "https://files.pythonhosted.org/packages/8f/51/f79886a906eee3a5abc58dc30da1e6c22c41c868e0df446fb280ff2344cb/lief-0.17.6-cp314-cp314-win32.whl", hash = "sha256:503fd8df6425a6c0386df9ca6e4f4ce29d07d268f0620ee1d4059eb4d48c2562", size = 3446331, upload-time = "2026-03-18T06:58:50.52Z" },
    { url = "https://files.pythonhosted.org/packages/83/6f/d396dae3808a35699c4be74e356d3e05f58e150fc14b49c39f0bacb62e11/lief-0.17.6-cp314-cp314-win_amd64.whl", hash = "sha256:918ea953830ecf348e5a8d9cf0b1a178035d6d4032bf2a9aa1dc72483e06b3a1", size = 3638021, upload-time = "2026-03-18T06:58:52.275Z" },
    { url = "https://files.pythonhosted.org/packages/e3/4c/02df1befee243e4c14bf5740c391178ba4f7b4602ff08936da170341afe9/lief-0.17.6-cp314-cp314-win_arm64.whl", hash = "sha256:7dcefa6467f0f0d75413a10e7869e488344347f0c67eff5bc49ec216714f0674", size = 3462306, upload-time = "2026-03-18T06:58:54.937Z" },
]

[[package]]
name = "packaging"
version = "26.2"
source = { registry = "https://pypi.org/simple" }
sdist = { url = "https://files.pythonhosted.org/packages/d7/f1/e7a6dd94a8d4a5626c03e4e99c87f241ba9e350cd9e6d75123f992427270/packaging-26.2.tar.gz", hash = "sha256:ff452ff5a3e828ce110190feff1178bb1f2ea2281fa2075aadb987c2fb221661", size = 228134, upload-time = "2026-04-24T20:15:23.917Z" }
wheels = [
    { url = "https://files.pythonhosted.org/packages/df/b2/87e62e8c3e2f4b32e5fe99e0b86d576da1312593b39f47d8ceef365e95ed/packaging-26.2-py3-none-any.whl", hash = "sha256:5fc45236b9446107ff2415ce77c807cee2862cb6fac22b8a73826d0693b0980e", size = 100195, upload-time = "2026-04-24T20:15:22.081Z" },
]

[[package]]
name = "pluggy"
version = "1.6.0"
source = { registry = "https://pypi.org/simple" }
sdist = { url = "https://files.pythonhosted.org/packages/f9/e2/3e91f31a7d2b083fe6ef3fa267035b518369d9511ffab804f839851d2779/pluggy-1.6.0.tar.gz", hash = "sha256:7dcc130b76258d33b90f61b658791dede3486c3e6bfb003ee5c9bfb396dd22f3", size = 69412, upload-time = "2025-05-15T12:30:07.975Z" }
wheels = [
    { url = "https://files.pythonhosted.org/packages/54/20/4d324d65cc6d9205fabedc306948156824eb9f0ee1633355a8f7ec5c66bf/pluggy-1.6.0-py3-none-any.whl", hash = "sha256:e920276dd6813095e9377c0bc5566d94c932c33b27a3e3945d8389c374dd4746", size = 20538, upload-time = "2025-05-15T12:30:06.134Z" },
]

[[package]]
name = "pygments"
version = "2.20.0"
source = { registry = "https://pypi.org/simple" }
sdist = { url = "https://files.pythonhosted.org/packages/c3/b2/bc9c9196916376152d655522fdcebac55e66de6603a76a02bca1b6414f6c/pygments-2.20.0.tar.gz", hash = "sha256:6757cd03768053ff99f3039c1a36d6c0aa0b263438fcab17520b30a303a82b5f", size = 4955991, upload-time = "2026-03-29T13:29:33.898Z" }
wheels = [
    { url = "https://files.pythonhosted.org/packages/f4/7e/a72dd26f3b0f4f2bf1dd8923c85f7ceb43172af56d63c7383eb62b332364/pygments-2.20.0-py3-none-any.whl", hash = "sha256:81a9e26dd42fd28a23a2d169d86d7ac03b46e2f8b59ed4698fb4785f946d0176", size = 1231151, upload-time = "2026-03-29T13:29:30.038Z" },
]

[[package]]
name = "pytest"
version = "9.1.1"
source = { registry = "https://pypi.org/simple" }
dependencies = [
    { name = "colorama", marker = "sys_platform == 'win32'" },
    { name = "iniconfig" },
    { name = "packaging" },
    { name = "pluggy" },
    { name = "pygments" },
]
sdist = { url = "https://files.pythonhosted.org/packages/e4/47/b9efed96c114afcfa3c9d3fe98a76a1d14c74a9e266d397cf6eb64be5e01/pytest-9.1.1.tar.gz", hash = "sha256:1088fbde8f2b49d95a549a195707afa7a76a3ce9bcadc26b6d71f0ffda5fe313", size = 1636369, upload-time = "2026-06-19T10:58:32.857Z" }
wheels = [
    { url = "https://files.pythonhosted.org/packages/24/25/1de2678b631f5a49215c6c96fff41ba892b0a34df68d6d80292b1b48aa7f/pytest-9.1.1-py3-none-any.whl", hash = "sha256:37a86b45efb9a47a61a36449063e8e18d0cab3161329fc099eb21783169c4f0c", size = 386536, upload-time = "2026-06-19T10:58:31.347Z" },
]

[[package]]
name = "scratchingpost"
version = "0.1.0"
source = { editable = "." }
dependencies = [
    { name = "lief" },
]

[package.optional-dependencies]
dev = [
    { name = "pytest" },
]
yara = [
    { name = "yara-python" },
]

[package.metadata]
requires-dist = [
    { name = "lief", specifier = ">=0.12" },
    { name = "pytest", marker = "extra == 'dev'", specifier = ">=8" },
    { name = "yara-python", marker = "extra == 'yara'", specifier = ">=4.5" },
]
provides-extras = ["dev", "yara"]

[[package]]
name = "yara-python"
version = "4.5.4"
source = { registry = "https://pypi.org/simple" }
sdist = { url = "https://files.pythonhosted.org/packages/51/38/347d1fcde4edabd338d5872ca5759ccfb95ff1cf5207dafded981fd08c4f/yara_python-4.5.4.tar.gz", hash = "sha256:4c682170f3d5cb3a73aa1bd0dc9ab1c0957437b937b7a83ff6d7ffd366415b9c", size = 551142, upload-time = "2025-05-27T14:15:49.035Z" }
wheels = [
    { url = "https://files.pythonhosted.org/packages/17/17/f0bc4a643d8c3afb485c34b70fe1d161f3fe0459361d2eb3561d23cc16e1/yara_python-4.5.4-cp311-cp311-macosx_14_0_arm64.whl", hash = "sha256:e3e2a5575d61adc2b4ff2007737590783a43d16386b061ac12e6e70a82e5d1de", size = 2471737, upload-time = "2025-05-27T14:14:23.876Z" },
    { url = "https://files.pythonhosted.org/packages/3f/11/39c74fc2732b89d4a5a6ad272b2b60ec84b3aae53b120a9eccc742eec802/yara_python-4.5.4-cp311-cp311-macosx_14_0_x86_64.whl", hash = "sha256:f79a27dbdafb79fc2dc03c7c3ba66751551e3e0b350ab69cc499870b78a6cb95", size = 208862, upload-time = "2025-05-27T14:14:25.941Z" },
    { url = "https://files.pythonhosted.org/packages/05/ef/ff38abffe3c5126da0b4f31471bc6df2e38f4f532a65941a1a8092cddb4f/yara_python-4.5.4-cp311-cp311-macosx_15_0_arm64.whl", hash = "sha256:9d9acf6f8135bcee03f47b1096ad69f4a2788abe37dd070aab6e9dd816742ecc", size = 2478391, upload-time = "2025-05-27T14:14:27.802Z" },
    { url = "https://files.pythonhosted.org/packages/69/97/638f0f6920250dd4cc202f05d2b931c4aeb8ea916ae185cd15b9dacf9ae4/yara_python-4.5.4-cp311-cp311-macosx_15_0_x86_64.whl", hash = "sha256:0e762e6c5b47ddf30b0128ba723da46fcc2aa7959a252748497492cb452d1c84", size = 209304, upload-time = "2025-05-27T14:14:29.663Z" },
    { url = "https://files.pythonhosted.org/packages/2a/08/e9396374b8d4348f71db28dabbcbde21ceb0e68c604a4de82ab4f1c286e9/yara_python-4.5.4-cp311-cp311-manylinux_2_17_aarch64.manylinux2014_aarch64.whl", hash = "sha256:adcfac4b225e76ab6dcbeaf10101f0de2731fdbee51610dbc77b96e667e85a3a", size = 2242098, upload-time = "2025-05-27T14:14:31.001Z" },
    { url = "https://files.pythonhosted.org/packages/58/fa/b159db2afedef12d5de32b6eb7c087a78c29dc51fc5111475bbd96759744/yara_python-4.5.4-cp311-cp311-manylinux_2_17_i686.manylinux2014_i686.whl", hash = "sha256:a82c87038f0da2d90051bfd6449cf9a4b977a15ee8372f3512ce0a413ef822fd", size = 2324289, upload-time = "2025-05-27T14:14:32.852Z" },
    { url = "https://files.pythonhosted.org/packages/ad/1e/8846d6c37e3cc5328ac90d888ac60599ed62f1ffcb7d68054ad60954df4a/yara_python-4.5.4-cp311-cp311-manylinux_2_17_x86_64.manylinux2014_x86_64.whl", hash = "sha256:1a1721b61ee4e625a143e8e5bf32fa6774797c06724c45067f3e8919a8e5f8f3", size = 2329563, upload-time = "2025-05-27T14:14:34.758Z" },
    { url = "https://files.pythonhosted.org/packages/35/db/d6de595384e357366a8e7832876e5d9be56629e29e12d2a9325cc652e855/yara_python-4.5.4-cp311-cp311-musllinux_1_2_aarch64.whl", hash = "sha256:57d80c7591bbc6d9e73934e0fa4cbbb35e3e733b2706c5fd6756edf495f42678", size = 2947661, upload-time = "2025-05-27T14:14:37.419Z" },
    { url = "https://files.pythonhosted.org/packages/b9/26/35d67095b0b000315545c59b2826166371d005f9815ca6c7c79a87e6c4cc/yara_python-4.5.4-cp311-cp311-musllinux_1_2_i686.whl", hash = "sha256:3872b5f5575d6f5077f86e2b8bcdfe8688f859a50854334a4085399331167abc", size = 2417932, upload-time = "2025-05-27T14:14:40.402Z" },
    { url = "https://files.pythonhosted.org/packages/8f/28/760d114cea3f160e3f862d747208a09150974a668a49c0cee23a943006c4/yara_python-4.5.4-cp311-cp311-musllinux_1_2_x86_64.whl", hash = "sha256:fd84af5b6da3429236b61f3ad8760fdc739d0e1d6a08b8f3d90cd375e71594df", size = 2638058, upload-time = "2025-05-27T14:14:42.141Z" },
    { url = "https://files.pythonhosted.org/packages/74/9d/e208dd3ffc38a163d18476d2f758c24de8ece67c9d59c654a6b5b400fd96/yara_python-4.5.4-cp311-cp311-win32.whl", hash = "sha256:491c9de854e4a47dfbef7b3a38686c574459779915be19dcf4421b65847a57ce", size = 1447300, upload-time = "2025-05-27T14:14:44.091Z" },
    { url = "https://files.pythonhosted.org/packages/85/ad/23ed18900f6024d5c1de567768c12a53c5759ac90d08624c87c816cd7249/yara_python-4.5.4-cp311-cp311-win_amd64.whl", hash = "sha256:2a1bf52cb7b9178cc1ee2acd1697a0c8468af0c76aa1beffe22534bd4f62698b", size = 1825566, upload-time = "2025-05-27T14:14:45.879Z" },
    { url = "https://files.pythonhosted.org/packages/5a/cc/deaf10b6b31ee81842176affce79d57c3b6df50e894cf6cdbb1f0eb12af2/yara_python-4.5.4-cp312-cp312-macosx_14_0_arm64.whl", hash = "sha256:ade234700c492bce0efda96c1cdcd763425016e40df4a8d30c4c4e6897be5ace", size = 2471771, upload-time = "2025-05-27T14:14:47.381Z" },
    { url = "https://files.pythonhosted.org/packages/b1/47/9227c56450be00db6a3a50ccf88ba201945ae14a34b80b3aae4607954159/yara_python-4.5.4-cp312-cp312-macosx_14_0_x86_64.whl", hash = "sha256:e1dedd149be61992781f085b592d169d1d813f9b5ffc7c8c2b74e429b443414c", size = 208991, upload-time = "2025-05-27T14:14:48.832Z" },
    { url = "https://files.pythonhosted.org/packages/5b/0d/1f2e054f7ddf9fd4c873fccf63a08f2647b205398e11ea75cf44c161e702/yara_python-4.5.4-cp312-cp312-macosx_15_0_arm64.whl", hash = "sha256:92b233aae320ee9e59728ee23f9faf4a423ae407d4768b47c8f0e472a34dbae2", size = 2478413, upload-time = "2025-05-27T14:14:50.205Z" },
    { url = "https://files.pythonhosted.org/packages/10/ab/96e2d06c909ba07941d6d303f23624e46751a54d6fd358069275f982168c/yara_python-4.5.4-cp312-cp312-macosx_15_0_x86_64.whl", hash = "sha256:1f238f10d26e4701559f73a69b22e1e192a6fa20abdd76f57a7054566780aa89", size = 209401, upload-time = "2025-05-27T14:14:52.017Z" },
    { url = "https://files.pythonhosted.org/packages/df/7d/e51ecb0db87094976904a52eb521e3faf9c18f7c889b9d5cf996ae3bb680/yara_python-4.5.4-cp312-cp312-manylinux_2_17_aarch64.manylinux2014_aarch64.whl", hash = "sha256:d29d0e137e0d77dd110186369276e88381f784bdc45b5932a2fb3463e2a1b1c7", size = 2245326, upload-time = "2025-05-27T14:14:53.338Z" },
    { url = "https://files.pythonhosted.org/packages/4c/5e/fe93d8609b8470148ebbae111f209c6f208bb834cee64046fce0532fcc70/yara_python-4.5.4-cp312-cp312-manylinux_2_17_i686.manylinux2014_i686.whl", hash = "sha256:e7d0039d734705b123494acad7a00b67df171dd5b1c16ff7b18ff07578efd4cd", size = 2327041, upload-time = "2025-05-27T14:14:54.915Z" },
    { url = "https://files.pythonhosted.org/packages/52/06/104c4daa22e34a7edb49051798126c37f6280d4f1ea7e8888b043314e72d/yara_python-4.5.4-cp312-cp312-manylinux_2_17_x86_64.manylinux2014_x86_64.whl", hash = "sha256:e5eae935b05a9f8dc71df55a79c38f52abd93f8840310fe4e0d75fbd78284f24", size = 2332343, upload-time = "2025-05-27T14:14:56.424Z" },
    { url = "https://files.pythonhosted.org/packages/cd/38/4b788b8fe15faca08e4a52c0b3dc8787953115ce1811e7bf9439914b6a5b/yara_python-4.5.4-cp312-cp312-musllinux_1_2_aarch64.whl", hash = "sha256:30fc7959394532c6e3f48faf59337f5da124f1630668258276b6cfa54e555a6e", size = 2949346, upload-time = "2025-05-27T14:14:57.924Z" },
    { url = "https://files.pythonhosted.org/packages/53/3a/c1d97172aa9672f381df78b4d3a9f60378f35431ff48f4a6c45037057e07/yara_python-4.5.4-cp312-cp312-musllinux_1_2_i686.whl", hash = "sha256:e6d8c2acaf33931338fdb78aba8a68462b0151d833b2eeda712db87713ac2abf", size = 2421057, upload-time = "2025-05-27T14:15:00.118Z" },
    { url = "https://files.pythonhosted.org/packages/ba/cc/c6366d6d047f73594badd5444f6a32501e8b20ab1a7124837d305c08b42b/yara_python-4.5.4-cp312-cp312-musllinux_1_2_x86_64.whl", hash = "sha256:a3c7bc8cd0db5fb87ab579c755de83723030522f3c0cd5b3374044055a8ce6c6", size = 2639871, upload-time = "2025-05-27T14:15:02.63Z" },
    { url = "https://files.pythonhosted.org/packages/e6/5c/edacbd11db432ac04a37c9e3a7c569986256d9659d1859c6f828268dfeed/yara_python-4.5.4-cp312-cp312-win32.whl", hash = "sha256:d12e57101683e9270738a1bccf676747f93e86b5bc529e7a7fb7adf94f20bd77", size = 1447403, upload-time = "2025-05-27T14:15:04.193Z" },
    { url = "https://files.pythonhosted.org/packages/ad/e1/f6a72c155f3241360da890c218911d09bf63329eca9cfa1af64b1498339b/yara_python-4.5.4-cp312-cp312-win_amd64.whl", hash = "sha256:bf14a8af06b2b980a889bdc3f9e8ccd6e703d2b3fa1c98da5fd3a1c3b551eb47", size = 1825743, upload-time = "2025-05-27T14:15:05.678Z" },
    { url = "https://files.pythonhosted.org/packages/74/7f/9bf4864fee85f86302d78d373c93793419c080222b5e18badadebb959263/yara_python-4.5.4-cp313-cp313-macosx_14_0_arm64.whl", hash = "sha256:fe8ad189843c729eae74be3b8447a4753fac2cebe705e5e2a7280badfcc7e3b4", size = 2471811, upload-time = "2025-05-27T14:15:07.55Z" },
    { url = "https://files.pythonhosted.org/packages/44/58/dca36144c44b0613dbc39c70cc32ee0fc9db1ba9e5fa15f55657183f4229/yara_python-4.5.4-cp313-cp313-macosx_14_0_x86_64.whl", hash = "sha256:94e290d5035be23059d0475bff3eac8228acd51145bf0cabe355b1ddabab742b", size = 209044, upload-time = "2025-05-27T14:15:09.142Z" },
    { url = "https://files.pythonhosted.org/packages/8b/4c/997be6898cdda211cb601ae2af40a2dbd89a48ba9889168ddd3993636e97/yara_python-4.5.4-cp313-cp313-macosx_15_0_arm64.whl", hash = "sha256:4537f8499d166d22a54739f440fb306f65b0438be2c6c4ecb2352ecb5adb5f1c", size = 2478416, upload-time = "2025-05-27T14:15:10.58Z" },
    { url = "https://files.pythonhosted.org/packages/b6/29/91d5911d6decdd8a96bb891cacd8922569480ff1d4b47e7947b5dfc7f1d6/yara_python-4.5.4-cp313-cp313-macosx_15_0_x86_64.whl", hash = "sha256:ab5133a16e466db6fe9c1a08d1b171013507896175010fb85fc1b92da32e558c", size = 209441, upload-time = "2025-05-27T14:15:12.173Z" },
    { url = "https://files.pythonhosted.org/packages/87/9b/e21f534f33062f2e5f6dceec3cb4918f4923264b1609652adc0c83fe2bde/yara_python-4.5.4-cp313-cp313-manylinux_2_17_aarch64.manylinux2014_aarch64.whl", hash = "sha256:93f5f5aba88e2ed2aaebfbb697433a0c8020c6a6c6a711e900a29e9b512d5c3a", size = 2245135, upload-time = "2025-05-27T14:15:13.569Z" },
    { url = "https://files.pythonhosted.org/packages/70/8e/3618d2473f1e97f3f91d13af5b1ed26381c74444f6cdebb849eb855b21ca/yara_python-4.5.4-cp313-cp313-manylinux_2_17_i686.manylinux2014_i686.whl", hash = "sha256:473c52b53c39d5daedc1912bd8a82a1c88702a3e393688879d77f9ff5f396543", size = 2326864, upload-time = "2025-05-27T14:15:15.321Z" },
    { url = "https://files.pythonhosted.org/packages/99/ee/21477d4c83e7f267ff7d61a518eb1b2d3eb7877031c5c07bd1dc0a54eb95/yara_python-4.5.4-cp313-cp313-manylinux_2_17_x86_64.manylinux2014_x86_64.whl", hash = "sha256:9d9a58b7dc87411a2443d2e0382a111bd892aef9f6db2a1ebb4a9215eef0db71", size = 2331976, upload-time = "2025-05-27T14:15:17.138Z" },
    { url = "https://files.pythonhosted.org/packages/9f/5d/2680831aa43d181a0cc023ba89132ff6f03a0532f220cde27bccd60d54e2/yara_python-4.5.4-cp313-cp313-musllinux_1_2_aarch64.whl", hash = "sha256:0b9de86fbe8a646c0644df9e1396d6941dc6ed0f89be2807e6c52ab39161fd9f", size = 2949066, upload-time = "2025-05-27T14:15:18.822Z" },
    { url = "https://files.pythonhosted.org/packages/9e/76/e89ec354731b1872462fa9cfdfc6d4751c272b3f43fa55523a8f0fcdd48a/yara_python-4.5.4-cp313-cp313-musllinux_1_2_i686.whl", hash = "sha256:973f0bc24470ac86b6009baf2800ad3eadfa4ab653b6546ba5c65e9239850f47", size = 2420758, upload-time = "2025-05-27T14:15:20.505Z" },
    { url = "https://files.pythonhosted.org/packages/0c/28/9499649cb2cb42592c13ca6a15163e0cbf132c2974394de171aa5f8b49e4/yara_python-4.5.4-cp313-cp313-musllinux_1_2_x86_64.whl", hash = "sha256:cb0f0e7183165426b09e2b1235e70909e540ac18e2c6be96070dfe17d7db4d78", size = 2639628, upload-time = "2025-05-27T14:15:22.142Z" },
    { url = "https://files.pythonhosted.org/packages/ac/37/e8f2b9a2287070f39fa6a5afbcf1ed6762f60ab3b1fb08018732838ccc25/yara_python-4.5.4-cp313-cp313-win32.whl", hash = "sha256:7707b144c8fcdb30c069ea57b94799cd7601f694ba01b696bbd1832721f37fd0", size = 1447395, upload-time = "2025-05-27T14:15:25.237Z" },
    { url = "https://files.pythonhosted.org/packages/cc/a0/40b0291c8b24d13daf0e26538c9f3a0d843c38c6446dd17f36335bdd5b5f/yara_python-4.5.4-cp313-cp313-win_amd64.whl", hash = "sha256:5f1288448991d63c1f6351c9f6d112916b0177ceefaa27d1419427a6ff09f829", size = 1825779, upload-time = "2025-05-27T14:15:26.802Z" },
]
